<Solution>
  <Project Path="UniTask.Linq.csproj" />
  <Project Path="UniTask.csproj" />
  <Project Path="ReunionMovement.Utils.csproj" />
  <Project Path="SimpleWebTransport.csproj" />
  <Project Path="kcp2k.csproj" />
  <Project Path="Assembly-CSharp.csproj" />
  <Project Path="ReunionMovement.Common.csproj" />
  <Project Path="Assembly-CSharp-Editor.csproj" />
  <Project Path="ReunionMovement.Utils.UI.ImageExtensions.Editor.csproj" />
  <Project Path="ReunionMovement.Core.csproj" />
  <Project Path="ReunionMovement.Base.csproj" />
  <Project Path="ReunionMovement.Utils.UI.ButtonExtensions.Click.Editor.csproj" />
  <Project Path="UniTask.TextMeshPro.csproj" />
  <Project Path="ReunionMovement.Utils.Deadline.Editor.csproj" />
  <Project Path="ReunionMovement.Utils.ColliderUtil.Editor.csproj" />
  <Project Path="Telepathy.csproj" />
  <Project Path="ReunionMovement.Utils.CSG.Example.Editor.csproj" />
  <Project Path="ReunionMovement.Tests.csproj" />
  <Project Path="ReunionMovement.Utils.Network.Editor.csproj" />
  <Project Path="UniTask.Editor.csproj" />
  <Project Path="ReunionMovement.EditorTools.csproj" />
  <Project Path="ReunionMovement.GenerateScript.AutoScripts.csproj" />
  <Project Path="UniTask.Addressables.csproj" />
  <Project Path="ReunionMovement.Core.Editor.csproj" />
  <Project Path="ReunionMovement.Utils.UI.ButtonExtensions.Animated.Editor.csproj" />
  <Project Path="UniTask.DOTween.csproj" />
  <Project Path="Tools/GeneratorSmokeTest/GeneratorSmokeTest.csproj" />
  <Project Path="Tools/ReunionMovement.SourceGenerator/ReunionMovement.SourceGenerator.csproj" />
</Solution>
