<Solution>
  <Project Path="Assembly-CSharp.csproj" />
  <Project Path="SimpleWebTransport.csproj" />
  <Project Path="Coffee.UIEffect.csproj" />
  <Project Path="kcp2k.csproj" />
  <Project Path="Coffee.UIEffect.Editor.csproj" />
  <Project Path="Assembly-CSharp-Editor.csproj" />
  <Project Path="Telepathy.csproj" />
</Solution>
